
Microsoft Visual Studio Solution File, Format Version 12.00
# Visual Studio Version 16
VisualStudioVersion = 16.0.29318.209
MinimumVisualStudioVersion = 10.0.40219.1
Project("{FAE04EC0-301F-11D3-BF4B-00C04F79EFBC}") = "EB_Units_Monitoring", "Pie Chart\EB_Units_Monitoring.csproj", "{618E91E2-C4BC-46E3-8E0E-FCF6835CF315}"
EndProject
Global
	GlobalSection(SolutionConfigurationPlatforms) = preSolution
		Debug|Any CPU = Debug|Any CPU
		Release|Any CPU = Release|Any CPU
	EndGlobalSection
	GlobalSection(ProjectConfigurationPlatforms) = postSolution
		{618E91E2-C4BC-46E3-8E0E-FCF6835CF315}.Debug|Any CPU.ActiveCfg = Debug|Any CPU
		{618E91E2-C4BC-46E3-8E0E-FCF6835CF315}.Debug|Any CPU.Build.0 = Debug|Any CPU
		{618E91E2-C4BC-46E3-8E0E-FCF6835CF315}.Release|Any CPU.ActiveCfg = Release|Any CPU
		{618E91E2-C4BC-46E3-8E0E-FCF6835CF315}.Release|Any CPU.Build.0 = Release|Any CPU
	EndGlobalSection
	GlobalSection(SolutionProperties) = preSolution
		HideSolutionNode = FALSE
	EndGlobalSection
	GlobalSection(ExtensibilityGlobals) = postSolution
		SolutionGuid = {1E967282-457F-44FF-A391-828673F29A0C}
	EndGlobalSection
EndGlobal
